// !$*UTF8*$!
{
	archiveVersion = 1;
	classes = {
	};
	objectVersion = 50;
	objects = {

/* Begin PBXBuildFile section */
		BEF3927822B6071700D3FFEC /* AppDelegate.swift in Sources */ = {isa = PBXBuildFile; fileRef = BEF3927722B6071700D3FFEC /* AppDelegate.swift */; };
		BEF3927D22B6071700D3FFEC /* Main.storyboard in Resources */ = {isa = PBXBuildFile; fileRef = BEF3927B22B6071700D3FFEC /* Main.storyboard */; };
		BEF3927F22B6071800D3FFEC /* Assets.xcassets in Resources */ = {isa = PBXBuildFile; fileRef = BEF3927E22B6071800D3FFEC /* Assets.xcassets */; };
		BEF3928222B6071800D3FFEC /* LaunchScreen.storyboard in Resources */ = {isa = PBXBuildFile; fileRef = BEF3928022B6071800D3FFEC /* LaunchScreen.storyboard */; };
		BEF3929022B60BED00D3FFEC /* SearchResultViewCell.xib in Resources */ = {isa = PBXBuildFile; fileRef = BEF3928F22B60BED00D3FFEC /* SearchResultViewCell.xib */; };
		BEF3929222B60C1800D3FFEC /* SearchViewController.swift in Sources */ = {isa = PBXBuildFile; fileRef = BEF3929122B60C1800D3FFEC /* SearchViewController.swift */; };
		BEF3929422B60C2900D3FFEC /* BrowserViewController.swift in Sources */ = {isa = PBXBuildFile; fileRef = BEF3929322B60C2900D3FFEC /* BrowserViewController.swift */; };
		BEF3929622B60C4700D3FFEC /* SearchResultViewCell.swift in Sources */ = {isa = PBXBuildFile; fileRef = BEF3929522B60C4700D3FFEC /* SearchResultViewCell.swift */; };
		BEF3929B22B60CC200D3FFEC /* SearchModel.swift in Sources */ = {isa = PBXBuildFile; fileRef = BEF3929A22B60CC200D3FFEC /* SearchModel.swift */; };
/* End PBXBuildFile section */

/* Begin PBXFileReference section */
		BEF3927422B6071700D3FFEC /* MVC.app */ = {isa = PBXFileReference; explicitFileType = wrapper.application; includeInIndex = 0; path = MVC.app; sourceTree = BUILT_PRODUCTS_DIR; };
		BEF3927722B6071700D3FFEC /* AppDelegate.swift */ = {isa = PBXFileReference; lastKnownFileType = sourcecode.swift; path = AppDelegate.swift; sourceTree = "<group>"; };
		BEF3927C22B6071700D3FFEC /* Base */ = {isa = PBXFileReference; lastKnownFileType = file.storyboard; name = Base; path = Base.lproj/Main.storyboard; sourceTree = "<group>"; };
		BEF3927E22B6071800D3FFEC /* Assets.xcassets */ = {isa = PBXFileReference; lastKnownFileType = folder.assetcatalog; path = Assets.xcassets; sourceTree = "<group>"; };
		BEF3928122B6071800D3FFEC /* Base */ = {isa = PBXFileReference; lastKnownFileType = file.storyboard; name = Base; path = Base.lproj/LaunchScreen.storyboard; sourceTree = "<group>"; };
		BEF3928322B6071800D3FFEC /* Info.plist */ = {isa = PBXFileReference; lastKnownFileType = text.plist.xml; path = Info.plist; sourceTree = "<group>"; };
		BEF3928F22B60BED00D3FFEC /* SearchResultViewCell.xib */ = {isa = PBXFileReference; fileEncoding = 4; lastKnownFileType = file.xib; path = SearchResultViewCell.xib; sourceTree = "<group>"; };
		BEF3929122B60C1800D3FFEC /* SearchViewController.swift */ = {isa = PBXFileReference; fileEncoding = 4; lastKnownFileType = sourcecode.swift; path = SearchViewController.swift; sourceTree = "<group>"; };
		BEF3929322B60C2900D3FFEC /* BrowserViewController.swift */ = {isa = PBXFileReference; fileEncoding = 4; lastKnownFileType = sourcecode.swift; path = BrowserViewController.swift; sourceTree = "<group>"; };
		BEF3929522B60C4700D3FFEC /* SearchResultViewCell.swift */ = {isa = PBXFileReference; fileEncoding = 4; lastKnownFileType = sourcecode.swift; path = SearchResultViewCell.swift; sourceTree = "<group>"; };
		BEF3929A22B60CC200D3FFEC /* SearchModel.swift */ = {isa = PBXFileReference; lastKnownFileType = sourcecode.swift; path = SearchModel.swift; sourceTree = "<group>"; };
/* End PBXFileReference section */

/* Begin PBXFrameworksBuildPhase section */
		BEF3927122B6071700D3FFEC /* Frameworks */ = {
			isa = PBXFrameworksBuildPhase;
			buildActionMask = 2147483647;
			files = (
			);
			runOnlyForDeploymentPostprocessing = 0;
		};
/* End PBXFrameworksBuildPhase section */

/* Begin PBXGroup section */
		BEF3926B22B6071700D3FFEC = {
			isa = PBXGroup;
			children = (
				BEF3927622B6071700D3FFEC /* MVC */,
				BEF3927522B6071700D3FFEC /* Products */,
			);
			sourceTree = "<group>";
		};
		BEF3927522B6071700D3FFEC /* Products */ = {
			isa = PBXGroup;
			children = (
				BEF3927422B6071700D3FFEC /* MVC.app */,
			);
			name = Products;
			sourceTree = "<group>";
		};
		BEF3927622B6071700D3FFEC /* MVC */ = {
			isa = PBXGroup;
			children = (
				BEF3927722B6071700D3FFEC /* AppDelegate.swift */,
				BEF3928C22B60B5800D3FFEC /* ViewControllers */,
				BEF3928D22B60B6500D3FFEC /* Models */,
				BEF3927B22B6071700D3FFEC /* Main.storyboard */,
				BEF3927E22B6071800D3FFEC /* Assets.xcassets */,
				BEF3928022B6071800D3FFEC /* LaunchScreen.storyboard */,
				BEF3928322B6071800D3FFEC /* Info.plist */,
			);
			path = MVC;
			sourceTree = "<group>";
		};
		BEF3928C22B60B5800D3FFEC /* ViewControllers */ = {
			isa = PBXGroup;
			children = (
				BEF3929322B60C2900D3FFEC /* BrowserViewController.swift */,
				BEF3929122B60C1800D3FFEC /* SearchViewController.swift */,
				BEF3928E22B60BAB00D3FFEC /* Cells */,
			);
			path = ViewControllers;
			sourceTree = "<group>";
		};
		BEF3928D22B60B6500D3FFEC /* Models */ = {
			isa = PBXGroup;
			children = (
				BEF3929A22B60CC200D3FFEC /* SearchModel.swift */,
			);
			path = Models;
			sourceTree = "<group>";
		};
		BEF3928E22B60BAB00D3FFEC /* Cells */ = {
			isa = PBXGroup;
			children = (
				BEF3929522B60C4700D3FFEC /* SearchResultViewCell.swift */,
				BEF3928F22B60BED00D3FFEC /* SearchResultViewCell.xib */,
			);
			path = Cells;
			sourceTree = "<group>";
		};
/* End PBXGroup section */

/* Begin PBXNativeTarget section */
		BEF3927322B6071700D3FFEC /* MVC */ = {
			isa = PBXNativeTarget;
			buildConfigurationList = BEF3928622B6071800D3FFEC /* Build configuration list for PBXNativeTarget "MVC" */;
			buildPhases = (
				BEF3927022B6071700D3FFEC /* Sources */,
				BEF3927122B6071700D3FFEC /* Frameworks */,
				BEF3927222B6071700D3FFEC /* Resources */,
			);
			buildRules = (
			);
			dependencies = (
			);
			name = MVC;
			productName = MVC;
			productReference = BEF3927422B6071700D3FFEC /* MVC.app */;
			productType = "com.apple.product-type.application";
		};
/* End PBXNativeTarget section */

/* Begin PBXProject section */
		BEF3926C22B6071700D3FFEC /* Project object */ = {
			isa = PBXProject;
			attributes = {
				LastSwiftUpdateCheck = 1010;
				LastUpgradeCheck = 1010;
				ORGANIZATIONNAME = "安井陸";
				TargetAttributes = {
					BEF3927322B6071700D3FFEC = {
						CreatedOnToolsVersion = 10.1;
					};
				};
			};
			buildConfigurationList = BEF3926F22B6071700D3FFEC /* Build configuration list for PBXProject "MVC" */;
			compatibilityVersion = "Xcode 9.3";
			developmentRegion = en;
			hasScannedForEncodings = 0;
			knownRegions = (
				en,
				Base,
			);
			mainGroup = BEF3926B22B6071700D3FFEC;
			productRefGroup = BEF3927522B6071700D3FFEC /* Products */;
			projectDirPath = "";
			projectRoot = "";
			targets = (
				BEF3927322B6071700D3FFEC /* MVC */,
			);
		};
/* End PBXProject section */

/* Begin PBXResourcesBuildPhase section */
		BEF3927222B6071700D3FFEC /* Resources */ = {
			isa = PBXResourcesBuildPhase;
			buildActionMask = 2147483647;
			files = (
				BEF3928222B6071800D3FFEC /* LaunchScreen.storyboard in Resources */,
				BEF3929022B60BED00D3FFEC /* SearchResultViewCell.xib in Resources */,
				BEF3927F22B6071800D3FFEC /* Assets.xcassets in Resources */,
				BEF3927D22B6071700D3FFEC /* Main.storyboard in Resources */,
			);
			runOnlyForDeploymentPostprocessing = 0;
		};
/* End PBXResourcesBuildPhase section */

/* Begin PBXSourcesBuildPhase section */
		BEF3927022B6071700D3FFEC /* Sources */ = {
			isa = PBXSourcesBuildPhase;
			buildActionMask = 2147483647;
			files = (
				BEF3929222B60C1800D3FFEC /* SearchViewController.swift in Sources */,
				BEF3929622B60C4700D3FFEC /* SearchResultViewCell.swift in Sources */,
				BEF3929422B60C2900D3FFEC /* BrowserViewController.swift in Sources */,
				BEF3929B22B60CC200D3FFEC /* SearchModel.swift in Sources */,
				BEF3927822B6071700D3FFEC /* AppDelegate.swift in Sources */,
			);
			runOnlyForDeploymentPostprocessing = 0;
		};
/* End PBXSourcesBuildPhase section */

/* Begin PBXVariantGroup section */
		BEF3927B22B6071700D3FFEC /* Main.storyboard */ = {
			isa = PBXVariantGroup;
			children = (
				BEF3927C22B6071700D3FFEC /* Base */,
			);
			name = Main.storyboard;
			sourceTree = "<group>";
		};
		BEF3928022B6071800D3FFEC /* LaunchScreen.storyboard */ = {
			isa = PBXVariantGroup;
			children = (
				BEF3928122B6071800D3FFEC /* Base */,
			);
			name = LaunchScreen.storyboard;
			sourceTree = "<group>";
		};
/* End PBXVariantGroup section */

/* Begin XCBuildConfiguration section */
		BEF3928422B6071800D3FFEC /* Debug */ = {
			isa = XCBuildConfiguration;
			buildSettings = {
				ALWAYS_SEARCH_USER_PATHS = NO;
				CLANG_ANALYZER_NONNULL = YES;
				CLANG_ANALYZER_NUMBER_OBJECT_CONVERSION = YES_AGGRESSIVE;
				CLANG_CXX_LANGUAGE_STANDARD = "gnu++14";
				CLANG_CXX_LIBRARY = "libc++";
				CLANG_ENABLE_MODULES = YES;
				CLANG_ENABLE_OBJC_ARC = YES;
				CLANG_ENABLE_OBJC_WEAK = YES;
				CLANG_WARN_BLOCK_CAPTURE_AUTORELEASING = YES;
				CLANG_WARN_BOOL_CONVERSION = YES;
				CLANG_WARN_COMMA = YES;
				CLANG_WARN_CONSTANT_CONVERSION = YES;
				CLANG_WARN_DEPRECATED_OBJC_IMPLEMENTATIONS = YES;
				CLANG_WARN_DIRECT_OBJC_ISA_USAGE = YES_ERROR;
				CLANG_WARN_DOCUMENTATION_COMMENTS = YES;
				CLANG_WARN_EMPTY_BODY = YES;
				CLANG_WARN_ENUM_CONVERSION = YES;
				CLANG_WARN_INFINITE_RECURSION = YES;
				CLANG_WARN_INT_CONVERSION = YES;
				CLANG_WARN_NON_LITERAL_NULL_CONVERSION = YES;
				CLANG_WARN_OBJC_IMPLICIT_RETAIN_SELF = YES;
				CLANG_WARN_OBJC_LITERAL_CONVERSION = YES;
				CLANG_WARN_OBJC_ROOT_CLASS = YES_ERROR;
				CLANG_WARN_RANGE_LOOP_ANALYSIS = YES;
				CLANG_WARN_STRICT_PROTOTYPES = YES;
				CLANG_WARN_SUSPICIOUS_MOVE = YES;
				CLANG_WARN_UNGUARDED_AVAILABILITY = YES_AGGRESSIVE;
				CLANG_WARN_UNREACHABLE_CODE = YES;
				CLANG_WARN__DUPLICATE_METHOD_MATCH = YES;
				CODE_SIGN_IDENTITY = "iPhone Developer";
				COPY_PHASE_STRIP = NO;
				DEBUG_INFORMATION_FORMAT = dwarf;
				ENABLE_STRICT_OBJC_MSGSEND = YES;
				ENABLE_TESTABILITY = YES;
				GCC_C_LANGUAGE_STANDARD = gnu11;
				GCC_DYNAMIC_NO_PIC = NO;
				GCC_NO_COMMON_BLOCKS = YES;
				GCC_OPTIMIZATION_LEVEL = 0;
				GCC_PREPROCESSOR_DEFINITIONS = (
					"DEBUG=1",
					"$(inherited)",
				);
				GCC_WARN_64_TO_32_BIT_CONVERSION = YES;
				GCC_WARN_ABOUT_RETURN_TYPE = YES_ERROR;
				GCC_WARN_UNDECLARED_SELECTOR = YES;
				GCC_WARN_UNINITIALIZED_AUTOS = YES_AGGRESSIVE;
				GCC_WARN_UNUSED_FUNCTION = YES;
				GCC_WARN_UNUSED_VARIABLE = YES;
				IPHONEOS_DEPLOYMENT_TARGET = 12.1;
				MTL_ENABLE_DEBUG_INFO = INCLUDE_SOURCE;
				MTL_FAST_MATH = YES;
				ONLY_ACTIVE_ARCH = YES;
				SDKROOT = iphoneos;
				SWIFT_ACTIVE_COMPILATION_CONDITIONS = DEBUG;
				SWIFT_OPTIMIZATION_LEVEL = "-Onone";
			};
			name = Debug;
		};
		BEF3928522B6071800D3FFEC /* Release */ = {
			isa = XCBuildConfiguration;
			buildSettings = {
				ALWAYS_SEARCH_USER_PATHS = NO;
				CLANG_ANALYZER_NONNULL = YES;
				CLANG_ANALYZER_NUMBER_OBJECT_CONVERSION = YES_AGGRESSIVE;
				CLANG_CXX_LANGUAGE_STANDARD = "gnu++14";
				CLANG_CXX_LIBRARY = "libc++";
				CLANG_ENABLE_MODULES = YES;
				CLANG_ENABLE_OBJC_ARC = YES;
				CLANG_ENABLE_OBJC_WEAK = YES;
				CLANG_WARN_BLOCK_CAPTURE_AUTORELEASING = YES;
				CLANG_WARN_BOOL_CONVERSION = YES;
				CLANG_WARN_COMMA = YES;
				CLANG_WARN_CONSTANT_CONVERSION = YES;
				CLANG_WARN_DEPRECATED_OBJC_IMPLEMENTATIONS = YES;
				CLANG_WARN_DIRECT_OBJC_ISA_USAGE = YES_ERROR;
				CLANG_WARN_DOCUMENTATION_COMMENTS = YES;
				CLANG_WARN_EMPTY_BODY = YES;
				CLANG_WARN_ENUM_CONVERSION = YES;
				CLANG_WARN_INFINITE_RECURSION = YES;
				CLANG_WARN_INT_CONVERSION = YES;
				CLANG_WARN_NON_LITERAL_NULL_CONVERSION = YES;
				CLANG_WARN_OBJC_IMPLICIT_RETAIN_SELF = YES;
				CLANG_WARN_OBJC_LITERAL_CONVERSION = YES;
				CLANG_WARN_OBJC_ROOT_CLASS = YES_ERROR;
				CLANG_WARN_RANGE_LOOP_ANALYSIS = YES;
				CLANG_WARN_STRICT_PROTOTYPES = YES;
				CLANG_WARN_SUSPICIOUS_MOVE = YES;
				CLANG_WARN_UNGUARDED_AVAILABILITY = YES_AGGRESSIVE;
				CLANG_WARN_UNREACHABLE_CODE = YES;
				CLANG_WARN__DUPLICATE_METHOD_MATCH = YES;
				CODE_SIGN_IDENTITY = "iPhone Developer";
				COPY_PHASE_STRIP = NO;
				DEBUG_INFORMATION_FORMAT = "dwarf-with-dsym";
				ENABLE_NS_ASSERTIONS = NO;
				ENABLE_STRICT_OBJC_MSGSEND = YES;
				GCC_C_LANGUAGE_STANDARD = gnu11;
				GCC_NO_COMMON_BLOCKS = YES;
				GCC_WARN_64_TO_32_BIT_CONVERSION = YES;
				GCC_WARN_ABOUT_RETURN_TYPE = YES_ERROR;
				GCC_WARN_UNDECLARED_SELECTOR = YES;
				GCC_WARN_UNINITIALIZED_AUTOS = YES_AGGRESSIVE;
				GCC_WARN_UNUSED_FUNCTION = YES;
				GCC_WARN_UNUSED_VARIABLE = YES;
				IPHONEOS_DEPLOYMENT_TARGET = 12.1;
				MTL_ENABLE_DEBUG_INFO = NO;
				MTL_FAST_MATH = YES;
				SDKROOT = iphoneos;
				SWIFT_COMPILATION_MODE = wholemodule;
				SWIFT_OPTIMIZATION_LEVEL = "-O";
				VALIDATE_PRODUCT = YES;
			};
			name = Release;
		};
		BEF3928722B6071800D3FFEC /* Debug */ = {
			isa = XCBuildConfiguration;
			buildSettings = {
				ASSETCATALOG_COMPILER_APPICON_NAME = AppIcon;
				CODE_SIGN_STYLE = Automatic;
				DEVELOPMENT_TEAM = RN688WFT3X;
				INFOPLIST_FILE = MVC/Info.plist;
				LD_RUNPATH_SEARCH_PATHS = (
					"$(inherited)",
					"@executable_path/Frameworks",
				);
				PRODUCT_BUNDLE_IDENTIFIER = yasui.MVC;
				PRODUCT_NAME = "$(TARGET_NAME)";
				SWIFT_VERSION = 4.2;
				TARGETED_DEVICE_FAMILY = "1,2";
			};
			name = Debug;
		};
		BEF3928822B6071800D3FFEC /* Release */ = {
			isa = XCBuildConfiguration;
			buildSettings = {
				ASSETCATALOG_COMPILER_APPICON_NAME = AppIcon;
				CODE_SIGN_STYLE = Automatic;
				DEVELOPMENT_TEAM = RN688WFT3X;
				INFOPLIST_FILE = MVC/Info.plist;
				LD_RUNPATH_SEARCH_PATHS = (
					"$(inherited)",
					"@executable_path/Frameworks",
				);
				PRODUCT_BUNDLE_IDENTIFIER = yasui.MVC;
				PRODUCT_NAME = "$(TARGET_NAME)";
				SWIFT_VERSION = 4.2;
				TARGETED_DEVICE_FAMILY = "1,2";
			};
			name = Release;
		};
/* End XCBuildConfiguration section */

/* Begin XCConfigurationList section */
		BEF3926F22B6071700D3FFEC /* Build configuration list for PBXProject "MVC" */ = {
			isa = XCConfigurationList;
			buildConfigurations = (
				BEF3928422B6071800D3FFEC /* Debug */,
				BEF3928522B6071800D3FFEC /* Release */,
			);
			defaultConfigurationIsVisible = 0;
			defaultConfigurationName = Release;
		};
		BEF3928622B6071800D3FFEC /* Build configuration list for PBXNativeTarget "MVC" */ = {
			isa = XCConfigurationList;
			buildConfigurations = (
				BEF3928722B6071800D3FFEC /* Debug */,
				BEF3928822B6071800D3FFEC /* Release */,
			);
			defaultConfigurationIsVisible = 0;
			defaultConfigurationName = Release;
		};
/* End XCConfigurationList section */
	};
	rootObject = BEF3926C22B6071700D3FFEC /* Project object */;
}
